
Microsoft Visual Studio Solution File, Format Version 12.00
# Visual Studio Version 17
VisualStudioVersion = 17.13.35931.197 d17.13
MinimumVisualStudioVersion = 10.0.40219.1
Project("{FAE04EC0-301F-11D3-BF4B-00C04F79EFBC}") = "DotNet_QuanLyBanHang_NguyenDVinhKhang", "DotNet_QuanLyBanHang_NguyenDVinhKhang\DotNet_QuanLyBanHang_NguyenDVinhKhang.csproj", "{BA570A7F-458B-474D-8820-685FD8B390B1}"
EndProject
Global
	GlobalSection(SolutionConfigurationPlatforms) = preSolution
		Debug|Any CPU = Debug|Any CPU
		Release|Any CPU = Release|Any CPU
	EndGlobalSection
	GlobalSection(ProjectConfigurationPlatforms) = postSolution
		{BA570A7F-458B-474D-8820-685FD8B390B1}.Debug|Any CPU.ActiveCfg = Debug|Any CPU
		{BA570A7F-458B-474D-8820-685FD8B390B1}.Debug|Any CPU.Build.0 = Debug|Any CPU
		{BA570A7F-458B-474D-8820-685FD8B390B1}.Release|Any CPU.ActiveCfg = Release|Any CPU
		{BA570A7F-458B-474D-8820-685FD8B390B1}.Release|Any CPU.Build.0 = Release|Any CPU
	EndGlobalSection
	GlobalSection(SolutionProperties) = preSolution
		HideSolutionNode = FALSE
	EndGlobalSection
	GlobalSection(ExtensibilityGlobals) = postSolution
		SolutionGuid = {4E9AF4D5-FEB2-4A74-A1E3-873750B653C3}
	EndGlobalSection
EndGlobal
